// !$*UTF8*$!
{
	archiveVersion = 1;
	classes = {
	};
	objectVersion = 46;
	objects = {

/* Begin PBXBuildFile section */
		E8F25A0E19423A6A002E0737 /* Foundation.framework in Frameworks */ = {isa = PBXBuildFile; fileRef = E8F25A0D19423A6A002E0737 /* Foundation.framework */; };
		E8F25A1019423A6A002E0737 /* CoreGraphics.framework in Frameworks */ = {isa = PBXBuildFile; fileRef = E8F25A0F19423A6A002E0737 /* CoreGraphics.framework */; };
		E8F25A1219423A6A002E0737 /* UIKit.framework in Frameworks */ = {isa = PBXBuildFile; fileRef = E8F25A1119423A6A002E0737 /* UIKit.framework */; };
		E8F25A1819423A6A002E0737 /* InfoPlist.strings in Resources */ = {isa = PBXBuildFile; fileRef = E8F25A1619423A6A002E0737 /* InfoPlist.strings */; };
		E8F25A1A19423A6A002E0737 /* main.m in Sources */ = {isa = PBXBuildFile; fileRef = E8F25A1919423A6A002E0737 /* main.m */; };
		E8F25A1E19423A6A002E0737 /* AppDelegate.m in Sources */ = {isa = PBXBuildFile; fileRef = E8F25A1D19423A6A002E0737 /* AppDelegate.m */; };
		E8F25A2019423A6A002E0737 /* Images.xcassets in Resources */ = {isa = PBXBuildFile; fileRef = E8F25A1F19423A6A002E0737 /* Images.xcassets */; };
		E8F25A2719423A6A002E0737 /* XCTest.framework in Frameworks */ = {isa = PBXBuildFile; fileRef = E8F25A2619423A6A002E0737 /* XCTest.framework */; };
		E8F25A2819423A6A002E0737 /* Foundation.framework in Frameworks */ = {isa = PBXBuildFile; fileRef = E8F25A0D19423A6A002E0737 /* Foundation.framework */; };
		E8F25A2919423A6A002E0737 /* UIKit.framework in Frameworks */ = {isa = PBXBuildFile; fileRef = E8F25A1119423A6A002E0737 /* UIKit.framework */; };
		E8F25A3119423A6A002E0737 /* InfoPlist.strings in Resources */ = {isa = PBXBuildFile; fileRef = E8F25A2F19423A6A002E0737 /* InfoPlist.strings */; };
		E8F25A3319423A6A002E0737 /* Week1_Hw_XcodeTests.m in Sources */ = {isa = PBXBuildFile; fileRef = E8F25A3219423A6A002E0737 /* Week1_Hw_XcodeTests.m */; };
		E8F25A4419423EFA002E0737 /* PostViewController.m in Sources */ = {isa = PBXBuildFile; fileRef = E8F25A4219423EFA002E0737 /* PostViewController.m */; };
		E8F25A4519423EFA002E0737 /* PostViewController.xib in Resources */ = {isa = PBXBuildFile; fileRef = E8F25A4319423EFA002E0737 /* PostViewController.xib */; };
		E8F25A4919427393002E0737 /* SplashViewController.m in Sources */ = {isa = PBXBuildFile; fileRef = E8F25A4719427393002E0737 /* SplashViewController.m */; };
		E8F25A4A19427393002E0737 /* SplashViewController.xib in Resources */ = {isa = PBXBuildFile; fileRef = E8F25A4819427393002E0737 /* SplashViewController.xib */; };
/* End PBXBuildFile section */

/* Begin PBXContainerItemProxy section */
		E8F25A2A19423A6A002E0737 /* PBXContainerItemProxy */ = {
			isa = PBXContainerItemProxy;
			containerPortal = E8F25A0219423A6A002E0737 /* Project object */;
			proxyType = 1;
			remoteGlobalIDString = E8F25A0919423A6A002E0737;
			remoteInfo = Week1_Hw_Xcode;
		};
/* End PBXContainerItemProxy section */

/* Begin PBXFileReference section */
		E8F25A0A19423A6A002E0737 /* Week1_Hw_Xcode.app */ = {isa = PBXFileReference; explicitFileType = wrapper.application; includeInIndex = 0; path = Week1_Hw_Xcode.app; sourceTree = BUILT_PRODUCTS_DIR; };
		E8F25A0D19423A6A002E0737 /* Foundation.framework */ = {isa = PBXFileReference; lastKnownFileType = wrapper.framework; name = Foundation.framework; path = System/Library/Frameworks/Foundation.framework; sourceTree = SDKROOT; };
		E8F25A0F19423A6A002E0737 /* CoreGraphics.framework */ = {isa = PBXFileReference; lastKnownFileType = wrapper.framework; name = CoreGraphics.framework; path = System/Library/Frameworks/CoreGraphics.framework; sourceTree = SDKROOT; };
		E8F25A1119423A6A002E0737 /* UIKit.framework */ = {isa = PBXFileReference; lastKnownFileType = wrapper.framework; name = UIKit.framework; path = System/Library/Frameworks/UIKit.framework; sourceTree = SDKROOT; };
		E8F25A1519423A6A002E0737 /* Week1_Hw_Xcode-Info.plist */ = {isa = PBXFileReference; lastKnownFileType = text.plist.xml; path = "Week1_Hw_Xcode-Info.plist"; sourceTree = "<group>"; };
		E8F25A1719423A6A002E0737 /* en */ = {isa = PBXFileReference; lastKnownFileType = text.plist.strings; name = en; path = en.lproj/InfoPlist.strings; sourceTree = "<group>"; };
		E8F25A1919423A6A002E0737 /* main.m */ = {isa = PBXFileReference; lastKnownFileType = sourcecode.c.objc; path = main.m; sourceTree = "<group>"; };
		E8F25A1B19423A6A002E0737 /* Week1_Hw_Xcode-Prefix.pch */ = {isa = PBXFileReference; lastKnownFileType = sourcecode.c.h; path = "Week1_Hw_Xcode-Prefix.pch"; sourceTree = "<group>"; };
		E8F25A1C19423A6A002E0737 /* AppDelegate.h */ = {isa = PBXFileReference; lastKnownFileType = sourcecode.c.h; path = AppDelegate.h; sourceTree = "<group>"; };
		E8F25A1D19423A6A002E0737 /* AppDelegate.m */ = {isa = PBXFileReference; lastKnownFileType = sourcecode.c.objc; path = AppDelegate.m; sourceTree = "<group>"; };
		E8F25A1F19423A6A002E0737 /* Images.xcassets */ = {isa = PBXFileReference; lastKnownFileType = folder.assetcatalog; path = Images.xcassets; sourceTree = "<group>"; };
		E8F25A2519423A6A002E0737 /* Week1_Hw_XcodeTests.xctest */ = {isa = PBXFileReference; explicitFileType = wrapper.cfbundle; includeInIndex = 0; path = Week1_Hw_XcodeTests.xctest; sourceTree = BUILT_PRODUCTS_DIR; };
		E8F25A2619423A6A002E0737 /* XCTest.framework */ = {isa = PBXFileReference; lastKnownFileType = wrapper.framework; name = XCTest.framework; path = Library/Frameworks/XCTest.framework; sourceTree = DEVELOPER_DIR; };
		E8F25A2E19423A6A002E0737 /* Week1_Hw_XcodeTests-Info.plist */ = {isa = PBXFileReference; lastKnownFileType = text.plist.xml; path = "Week1_Hw_XcodeTests-Info.plist"; sourceTree = "<group>"; };
		E8F25A3019423A6A002E0737 /* en */ = {isa = PBXFileReference; lastKnownFileType = text.plist.strings; name = en; path = en.lproj/InfoPlist.strings; sourceTree = "<group>"; };
		E8F25A3219423A6A002E0737 /* Week1_Hw_XcodeTests.m */ = {isa = PBXFileReference; lastKnownFileType = sourcecode.c.objc; path = Week1_Hw_XcodeTests.m; sourceTree = "<group>"; };
		E8F25A4119423EFA002E0737 /* PostViewController.h */ = {isa = PBXFileReference; fileEncoding = 4; lastKnownFileType = sourcecode.c.h; path = PostViewController.h; sourceTree = "<group>"; };
		E8F25A4219423EFA002E0737 /* PostViewController.m */ = {isa = PBXFileReference; fileEncoding = 4; lastKnownFileType = sourcecode.c.objc; path = PostViewController.m; sourceTree = "<group>"; };
		E8F25A4319423EFA002E0737 /* PostViewController.xib */ = {isa = PBXFileReference; fileEncoding = 4; lastKnownFileType = file.xib; path = PostViewController.xib; sourceTree = "<group>"; };
		E8F25A4619427393002E0737 /* SplashViewController.h */ = {isa = PBXFileReference; fileEncoding = 4; lastKnownFileType = sourcecode.c.h; name = SplashViewController.h; path = ../SplashViewController.h; sourceTree = "<group>"; };
		E8F25A4719427393002E0737 /* SplashViewController.m */ = {isa = PBXFileReference; fileEncoding = 4; lastKnownFileType = sourcecode.c.objc; name = SplashViewController.m; path = ../SplashViewController.m; sourceTree = "<group>"; };
		E8F25A4819427393002E0737 /* SplashViewController.xib */ = {isa = PBXFileReference; fileEncoding = 4; lastKnownFileType = file.xib; name = SplashViewController.xib; path = ../SplashViewController.xib; sourceTree = "<group>"; };
/* End PBXFileReference section */

/* Begin PBXFrameworksBuildPhase section */
		E8F25A0719423A6A002E0737 /* Frameworks */ = {
			isa = PBXFrameworksBuildPhase;
			buildActionMask = 2147483647;
			files = (
				E8F25A1019423A6A002E0737 /* CoreGraphics.framework in Frameworks */,
				E8F25A1219423A6A002E0737 /* UIKit.framework in Frameworks */,
				E8F25A0E19423A6A002E0737 /* Foundation.framework in Frameworks */,
			);
			runOnlyForDeploymentPostprocessing = 0;
		};
		E8F25A2219423A6A002E0737 /* Frameworks */ = {
			isa = PBXFrameworksBuildPhase;
			buildActionMask = 2147483647;
			files = (
				E8F25A2719423A6A002E0737 /* XCTest.framework in Frameworks */,
				E8F25A2919423A6A002E0737 /* UIKit.framework in Frameworks */,
				E8F25A2819423A6A002E0737 /* Foundation.framework in Frameworks */,
			);
			runOnlyForDeploymentPostprocessing = 0;
		};
/* End PBXFrameworksBuildPhase section */

/* Begin PBXGroup section */
		E8F25A0119423A6A002E0737 = {
			isa = PBXGroup;
			children = (
				E8F25A1319423A6A002E0737 /* Week1_Hw_Xcode */,
				E8F25A2C19423A6A002E0737 /* Week1_Hw_XcodeTests */,
				E8F25A0C19423A6A002E0737 /* Frameworks */,
				E8F25A0B19423A6A002E0737 /* Products */,
			);
			sourceTree = "<group>";
		};
		E8F25A0B19423A6A002E0737 /* Products */ = {
			isa = PBXGroup;
			children = (
				E8F25A0A19423A6A002E0737 /* Week1_Hw_Xcode.app */,
				E8F25A2519423A6A002E0737 /* Week1_Hw_XcodeTests.xctest */,
			);
			name = Products;
			sourceTree = "<group>";
		};
		E8F25A0C19423A6A002E0737 /* Frameworks */ = {
			isa = PBXGroup;
			children = (
				E8F25A0D19423A6A002E0737 /* Foundation.framework */,
				E8F25A0F19423A6A002E0737 /* CoreGraphics.framework */,
				E8F25A1119423A6A002E0737 /* UIKit.framework */,
				E8F25A2619423A6A002E0737 /* XCTest.framework */,
			);
			name = Frameworks;
			sourceTree = "<group>";
		};
		E8F25A1319423A6A002E0737 /* Week1_Hw_Xcode */ = {
			isa = PBXGroup;
			children = (
				E8F25A1C19423A6A002E0737 /* AppDelegate.h */,
				E8F25A1D19423A6A002E0737 /* AppDelegate.m */,
				E8F25A1F19423A6A002E0737 /* Images.xcassets */,
				E8F25A1419423A6A002E0737 /* Supporting Files */,
				E8F25A4619427393002E0737 /* SplashViewController.h */,
				E8F25A4719427393002E0737 /* SplashViewController.m */,
				E8F25A4819427393002E0737 /* SplashViewController.xib */,
				E8F25A4119423EFA002E0737 /* PostViewController.h */,
				E8F25A4219423EFA002E0737 /* PostViewController.m */,
				E8F25A4319423EFA002E0737 /* PostViewController.xib */,
			);
			path = Week1_Hw_Xcode;
			sourceTree = "<group>";
		};
		E8F25A1419423A6A002E0737 /* Supporting Files */ = {
			isa = PBXGroup;
			children = (
				E8F25A1519423A6A002E0737 /* Week1_Hw_Xcode-Info.plist */,
				E8F25A1619423A6A002E0737 /* InfoPlist.strings */,
				E8F25A1919423A6A002E0737 /* main.m */,
				E8F25A1B19423A6A002E0737 /* Week1_Hw_Xcode-Prefix.pch */,
			);
			name = "Supporting Files";
			sourceTree = "<group>";
		};
		E8F25A2C19423A6A002E0737 /* Week1_Hw_XcodeTests */ = {
			isa = PBXGroup;
			children = (
				E8F25A3219423A6A002E0737 /* Week1_Hw_XcodeTests.m */,
				E8F25A2D19423A6A002E0737 /* Supporting Files */,
			);
			path = Week1_Hw_XcodeTests;
			sourceTree = "<group>";
		};
		E8F25A2D19423A6A002E0737 /* Supporting Files */ = {
			isa = PBXGroup;
			children = (
				E8F25A2E19423A6A002E0737 /* Week1_Hw_XcodeTests-Info.plist */,
				E8F25A2F19423A6A002E0737 /* InfoPlist.strings */,
			);
			name = "Supporting Files";
			sourceTree = "<group>";
		};
/* End PBXGroup section */

/* Begin PBXNativeTarget section */
		E8F25A0919423A6A002E0737 /* Week1_Hw_Xcode */ = {
			isa = PBXNativeTarget;
			buildConfigurationList = E8F25A3619423A6A002E0737 /* Build configuration list for PBXNativeTarget "Week1_Hw_Xcode" */;
			buildPhases = (
				E8F25A0619423A6A002E0737 /* Sources */,
				E8F25A0719423A6A002E0737 /* Frameworks */,
				E8F25A0819423A6A002E0737 /* Resources */,
			);
			buildRules = (
			);
			dependencies = (
			);
			name = Week1_Hw_Xcode;
			productName = Week1_Hw_Xcode;
			productReference = E8F25A0A19423A6A002E0737 /* Week1_Hw_Xcode.app */;
			productType = "com.apple.product-type.application";
		};
		E8F25A2419423A6A002E0737 /* Week1_Hw_XcodeTests */ = {
			isa = PBXNativeTarget;
			buildConfigurationList = E8F25A3919423A6A002E0737 /* Build configuration list for PBXNativeTarget "Week1_Hw_XcodeTests" */;
			buildPhases = (
				E8F25A2119423A6A002E0737 /* Sources */,
				E8F25A2219423A6A002E0737 /* Frameworks */,
				E8F25A2319423A6A002E0737 /* Resources */,
			);
			buildRules = (
			);
			dependencies = (
				E8F25A2B19423A6A002E0737 /* PBXTargetDependency */,
			);
			name = Week1_Hw_XcodeTests;
			productName = Week1_Hw_XcodeTests;
			productReference = E8F25A2519423A6A002E0737 /* Week1_Hw_XcodeTests.xctest */;
			productType = "com.apple.product-type.bundle.unit-test";
		};
/* End PBXNativeTarget section */

/* Begin PBXProject section */
		E8F25A0219423A6A002E0737 /* Project object */ = {
			isa = PBXProject;
			attributes = {
				LastUpgradeCheck = 0510;
				ORGANIZATIONNAME = Yahoo;
				TargetAttributes = {
					E8F25A2419423A6A002E0737 = {
						TestTargetID = E8F25A0919423A6A002E0737;
					};
				};
			};
			buildConfigurationList = E8F25A0519423A6A002E0737 /* Build configuration list for PBXProject "Week1_Hw_Xcode" */;
			compatibilityVersion = "Xcode 3.2";
			developmentRegion = English;
			hasScannedForEncodings = 0;
			knownRegions = (
				en,
			);
			mainGroup = E8F25A0119423A6A002E0737;
			productRefGroup = E8F25A0B19423A6A002E0737 /* Products */;
			projectDirPath = "";
			projectRoot = "";
			targets = (
				E8F25A0919423A6A002E0737 /* Week1_Hw_Xcode */,
				E8F25A2419423A6A002E0737 /* Week1_Hw_XcodeTests */,
			);
		};
/* End PBXProject section */

/* Begin PBXResourcesBuildPhase section */
		E8F25A0819423A6A002E0737 /* Resources */ = {
			isa = PBXResourcesBuildPhase;
			buildActionMask = 2147483647;
			files = (
				E8F25A1819423A6A002E0737 /* InfoPlist.strings in Resources */,
				E8F25A2019423A6A002E0737 /* Images.xcassets in Resources */,
				E8F25A4519423EFA002E0737 /* PostViewController.xib in Resources */,
				E8F25A4A19427393002E0737 /* SplashViewController.xib in Resources */,
			);
			runOnlyForDeploymentPostprocessing = 0;
		};
		E8F25A2319423A6A002E0737 /* Resources */ = {
			isa = PBXResourcesBuildPhase;
			buildActionMask = 2147483647;
			files = (
				E8F25A3119423A6A002E0737 /* InfoPlist.strings in Resources */,
			);
			runOnlyForDeploymentPostprocessing = 0;
		};
/* End PBXResourcesBuildPhase section */

/* Begin PBXSourcesBuildPhase section */
		E8F25A0619423A6A002E0737 /* Sources */ = {
			isa = PBXSourcesBuildPhase;
			buildActionMask = 2147483647;
			files = (
				E8F25A1E19423A6A002E0737 /* AppDelegate.m in Sources */,
				E8F25A1A19423A6A002E0737 /* main.m in Sources */,
				E8F25A4419423EFA002E0737 /* PostViewController.m in Sources */,
				E8F25A4919427393002E0737 /* SplashViewController.m in Sources */,
			);
			runOnlyForDeploymentPostprocessing = 0;
		};
		E8F25A2119423A6A002E0737 /* Sources */ = {
			isa = PBXSourcesBuildPhase;
			buildActionMask = 2147483647;
			files = (
				E8F25A3319423A6A002E0737 /* Week1_Hw_XcodeTests.m in Sources */,
			);
			runOnlyForDeploymentPostprocessing = 0;
		};
/* End PBXSourcesBuildPhase section */

/* Begin PBXTargetDependency section */
		E8F25A2B19423A6A002E0737 /* PBXTargetDependency */ = {
			isa = PBXTargetDependency;
			target = E8F25A0919423A6A002E0737 /* Week1_Hw_Xcode */;
			targetProxy = E8F25A2A19423A6A002E0737 /* PBXContainerItemProxy */;
		};
/* End PBXTargetDependency section */

/* Begin PBXVariantGroup section */
		E8F25A1619423A6A002E0737 /* InfoPlist.strings */ = {
			isa = PBXVariantGroup;
			children = (
				E8F25A1719423A6A002E0737 /* en */,
			);
			name = InfoPlist.strings;
			sourceTree = "<group>";
		};
		E8F25A2F19423A6A002E0737 /* InfoPlist.strings */ = {
			isa = PBXVariantGroup;
			children = (
				E8F25A3019423A6A002E0737 /* en */,
			);
			name = InfoPlist.strings;
			sourceTree = "<group>";
		};
/* End PBXVariantGroup section */

/* Begin XCBuildConfiguration section */
		E8F25A3419423A6A002E0737 /* Debug */ = {
			isa = XCBuildConfiguration;
			buildSettings = {
				ALWAYS_SEARCH_USER_PATHS = NO;
				CLANG_CXX_LANGUAGE_STANDARD = "gnu++0x";
				CLANG_CXX_LIBRARY = "libc++";
				CLANG_ENABLE_MODULES = YES;
				CLANG_ENABLE_OBJC_ARC = YES;
				CLANG_WARN_BOOL_CONVERSION = YES;
				CLANG_WARN_CONSTANT_CONVERSION = YES;
				CLANG_WARN_DIRECT_OBJC_ISA_USAGE = YES_ERROR;
				CLANG_WARN_EMPTY_BODY = YES;
				CLANG_WARN_ENUM_CONVERSION = YES;
				CLANG_WARN_INT_CONVERSION = YES;
				CLANG_WARN_OBJC_ROOT_CLASS = YES_ERROR;
				CLANG_WARN__DUPLICATE_METHOD_MATCH = YES;
				"CODE_SIGN_IDENTITY[sdk=iphoneos*]" = "iPhone Developer";
				COPY_PHASE_STRIP = NO;
				GCC_C_LANGUAGE_STANDARD = gnu99;
				GCC_DYNAMIC_NO_PIC = NO;
				GCC_OPTIMIZATION_LEVEL = 0;
				GCC_PREPROCESSOR_DEFINITIONS = (
					"DEBUG=1",
					"$(inherited)",
				);
				GCC_SYMBOLS_PRIVATE_EXTERN = NO;
				GCC_WARN_64_TO_32_BIT_CONVERSION = YES;
				GCC_WARN_ABOUT_RETURN_TYPE = YES_ERROR;
				GCC_WARN_UNDECLARED_SELECTOR = YES;
				GCC_WARN_UNINITIALIZED_AUTOS = YES_AGGRESSIVE;
				GCC_WARN_UNUSED_FUNCTION = YES;
				GCC_WARN_UNUSED_VARIABLE = YES;
				IPHONEOS_DEPLOYMENT_TARGET = 7.1;
				ONLY_ACTIVE_ARCH = YES;
				SDKROOT = iphoneos;
			};
			name = Debug;
		};
		E8F25A3519423A6A002E0737 /* Release */ = {
			isa = XCBuildConfiguration;
			buildSettings = {
				ALWAYS_SEARCH_USER_PATHS = NO;
				CLANG_CXX_LANGUAGE_STANDARD = "gnu++0x";
				CLANG_CXX_LIBRARY = "libc++";
				CLANG_ENABLE_MODULES = YES;
				CLANG_ENABLE_OBJC_ARC = YES;
				CLANG_WARN_BOOL_CONVERSION = YES;
				CLANG_WARN_CONSTANT_CONVERSION = YES;
				CLANG_WARN_DIRECT_OBJC_ISA_USAGE = YES_ERROR;
				CLANG_WARN_EMPTY_BODY = YES;
				CLANG_WARN_ENUM_CONVERSION = YES;
				CLANG_WARN_INT_CONVERSION = YES;
				CLANG_WARN_OBJC_ROOT_CLASS = YES_ERROR;
				CLANG_WARN__DUPLICATE_METHOD_MATCH = YES;
				"CODE_SIGN_IDENTITY[sdk=iphoneos*]" = "iPhone Developer";
				COPY_PHASE_STRIP = YES;
				ENABLE_NS_ASSERTIONS = NO;
				GCC_C_LANGUAGE_STANDARD = gnu99;
				GCC_WARN_64_TO_32_BIT_CONVERSION = YES;
				GCC_WARN_ABOUT_RETURN_TYPE = YES_ERROR;
				GCC_WARN_UNDECLARED_SELECTOR = YES;
				GCC_WARN_UNINITIALIZED_AUTOS = YES_AGGRESSIVE;
				GCC_WARN_UNUSED_FUNCTION = YES;
				GCC_WARN_UNUSED_VARIABLE = YES;
				IPHONEOS_DEPLOYMENT_TARGET = 7.1;
				SDKROOT = iphoneos;
				VALIDATE_PRODUCT = YES;
			};
			name = Release;
		};
		E8F25A3719423A6A002E0737 /* Debug */ = {
			isa = XCBuildConfiguration;
			buildSettings = {
				ASSETCATALOG_COMPILER_APPICON_NAME = AppIcon;
				ASSETCATALOG_COMPILER_LAUNCHIMAGE_NAME = LaunchImage;
				GCC_PRECOMPILE_PREFIX_HEADER = YES;
				GCC_PREFIX_HEADER = "Week1_Hw_Xcode/Week1_Hw_Xcode-Prefix.pch";
				INFOPLIST_FILE = "Week1_Hw_Xcode/Week1_Hw_Xcode-Info.plist";
				IPHONEOS_DEPLOYMENT_TARGET = 6.0;
				PRODUCT_NAME = "$(TARGET_NAME)";
				WRAPPER_EXTENSION = app;
			};
			name = Debug;
		};
		E8F25A3819423A6A002E0737 /* Release */ = {
			isa = XCBuildConfiguration;
			buildSettings = {
				ASSETCATALOG_COMPILER_APPICON_NAME = AppIcon;
				ASSETCATALOG_COMPILER_LAUNCHIMAGE_NAME = LaunchImage;
				GCC_PRECOMPILE_PREFIX_HEADER = YES;
				GCC_PREFIX_HEADER = "Week1_Hw_Xcode/Week1_Hw_Xcode-Prefix.pch";
				INFOPLIST_FILE = "Week1_Hw_Xcode/Week1_Hw_Xcode-Info.plist";
				IPHONEOS_DEPLOYMENT_TARGET = 6.0;
				PRODUCT_NAME = "$(TARGET_NAME)";
				WRAPPER_EXTENSION = app;
			};
			name = Release;
		};
		E8F25A3A19423A6A002E0737 /* Debug */ = {
			isa = XCBuildConfiguration;
			buildSettings = {
				BUNDLE_LOADER = "$(BUILT_PRODUCTS_DIR)/Week1_Hw_Xcode.app/Week1_Hw_Xcode";
				FRAMEWORK_SEARCH_PATHS = (
					"$(SDKROOT)/Developer/Library/Frameworks",
					"$(inherited)",
					"$(DEVELOPER_FRAMEWORKS_DIR)",
				);
				GCC_PRECOMPILE_PREFIX_HEADER = YES;
				GCC_PREFIX_HEADER = "Week1_Hw_Xcode/Week1_Hw_Xcode-Prefix.pch";
				GCC_PREPROCESSOR_DEFINITIONS = (
					"DEBUG=1",
					"$(inherited)",
				);
				INFOPLIST_FILE = "Week1_Hw_XcodeTests/Week1_Hw_XcodeTests-Info.plist";
				PRODUCT_NAME = "$(TARGET_NAME)";
				TEST_HOST = "$(BUNDLE_LOADER)";
				WRAPPER_EXTENSION = xctest;
			};
			name = Debug;
		};
		E8F25A3B19423A6A002E0737 /* Release */ = {
			isa = XCBuildConfiguration;
			buildSettings = {
				BUNDLE_LOADER = "$(BUILT_PRODUCTS_DIR)/Week1_Hw_Xcode.app/Week1_Hw_Xcode";
				FRAMEWORK_SEARCH_PATHS = (
					"$(SDKROOT)/Developer/Library/Frameworks",
					"$(inherited)",
					"$(DEVELOPER_FRAMEWORKS_DIR)",
				);
				GCC_PRECOMPILE_PREFIX_HEADER = YES;
				GCC_PREFIX_HEADER = "Week1_Hw_Xcode/Week1_Hw_Xcode-Prefix.pch";
				INFOPLIST_FILE = "Week1_Hw_XcodeTests/Week1_Hw_XcodeTests-Info.plist";
				PRODUCT_NAME = "$(TARGET_NAME)";
				TEST_HOST = "$(BUNDLE_LOADER)";
				WRAPPER_EXTENSION = xctest;
			};
			name = Release;
		};
/* End XCBuildConfiguration section */

/* Begin XCConfigurationList section */
		E8F25A0519423A6A002E0737 /* Build configuration list for PBXProject "Week1_Hw_Xcode" */ = {
			isa = XCConfigurationList;
			buildConfigurations = (
				E8F25A3419423A6A002E0737 /* Debug */,
				E8F25A3519423A6A002E0737 /* Release */,
			);
			defaultConfigurationIsVisible = 0;
			defaultConfigurationName = Release;
		};
		E8F25A3619423A6A002E0737 /* Build configuration list for PBXNativeTarget "Week1_Hw_Xcode" */ = {
			isa = XCConfigurationList;
			buildConfigurations = (
				E8F25A3719423A6A002E0737 /* Debug */,
				E8F25A3819423A6A002E0737 /* Release */,
			);
			defaultConfigurationIsVisible = 0;
			defaultConfigurationName = Release;
		};
		E8F25A3919423A6A002E0737 /* Build configuration list for PBXNativeTarget "Week1_Hw_XcodeTests" */ = {
			isa = XCConfigurationList;
			buildConfigurations = (
				E8F25A3A19423A6A002E0737 /* Debug */,
				E8F25A3B19423A6A002E0737 /* Release */,
			);
			defaultConfigurationIsVisible = 0;
			defaultConfigurationName = Release;
		};
/* End XCConfigurationList section */
	};
	rootObject = E8F25A0219423A6A002E0737 /* Project object */;
}
